
Microsoft Visual Studio Solution File, Format Version 12.00
# Visual Studio Version 17
VisualStudioVersion = 17.1.32228.430
MinimumVisualStudioVersion = 10.0.40219.1
Project("{2150E333-8FDC-42A3-9474-1A3956D46DE8}") = "Services", "Services", "{56C3A0B5-2171-45AD-B6A0-B25BF734B888}"
EndProject
Project("{FAE04EC0-301F-11D3-BF4B-00C04F79EFBC}") = "Interfaces", "Interfaces\Interfaces.csproj", "{8E2393AD-AE83-4B0A-8A0C-6793839F1CFB}"
EndProject
Project("{FAE04EC0-301F-11D3-BF4B-00C04F79EFBC}") = "Core", "Core\Core.csproj", "{0A33D81E-1633-4314-B003-EF284809AFE6}"
EndProject
Project("{FAE04EC0-301F-11D3-BF4B-00C04F79EFBC}") = "Dog_GrpcService", "Services\Dog_GrpcService\Dog_GrpcService.csproj", "{939C9F9C-8C72-4F45-8EC2-4EA8E6BEAC20}"
EndProject
Project("{9A19103F-16F7-4668-BE54-9A1E7A4F7556}") = "Core_Tests", "Core_Tests\Core_Tests.csproj", "{1DAC4792-53D3-4BD6-8200-FE4AD150FF5C}"
EndProject
Global
	GlobalSection(SolutionConfigurationPlatforms) = preSolution
		Debug|Any CPU = Debug|Any CPU
		Release|Any CPU = Release|Any CPU
	EndGlobalSection
	GlobalSection(ProjectConfigurationPlatforms) = postSolution
		{8E2393AD-AE83-4B0A-8A0C-6793839F1CFB}.Debug|Any CPU.ActiveCfg = Debug|Any CPU
		{8E2393AD-AE83-4B0A-8A0C-6793839F1CFB}.Debug|Any CPU.Build.0 = Debug|Any CPU
		{8E2393AD-AE83-4B0A-8A0C-6793839F1CFB}.Release|Any CPU.ActiveCfg = Release|Any CPU
		{8E2393AD-AE83-4B0A-8A0C-6793839F1CFB}.Release|Any CPU.Build.0 = Release|Any CPU
		{0A33D81E-1633-4314-B003-EF284809AFE6}.Debug|Any CPU.ActiveCfg = Debug|Any CPU
		{0A33D81E-1633-4314-B003-EF284809AFE6}.Debug|Any CPU.Build.0 = Debug|Any CPU
		{0A33D81E-1633-4314-B003-EF284809AFE6}.Release|Any CPU.ActiveCfg = Release|Any CPU
		{0A33D81E-1633-4314-B003-EF284809AFE6}.Release|Any CPU.Build.0 = Release|Any CPU
		{939C9F9C-8C72-4F45-8EC2-4EA8E6BEAC20}.Debug|Any CPU.ActiveCfg = Debug|Any CPU
		{939C9F9C-8C72-4F45-8EC2-4EA8E6BEAC20}.Debug|Any CPU.Build.0 = Debug|Any CPU
		{939C9F9C-8C72-4F45-8EC2-4EA8E6BEAC20}.Release|Any CPU.ActiveCfg = Release|Any CPU
		{939C9F9C-8C72-4F45-8EC2-4EA8E6BEAC20}.Release|Any CPU.Build.0 = Release|Any CPU
		{1DAC4792-53D3-4BD6-8200-FE4AD150FF5C}.Debug|Any CPU.ActiveCfg = Debug|Any CPU
		{1DAC4792-53D3-4BD6-8200-FE4AD150FF5C}.Debug|Any CPU.Build.0 = Debug|Any CPU
		{1DAC4792-53D3-4BD6-8200-FE4AD150FF5C}.Release|Any CPU.ActiveCfg = Release|Any CPU
		{1DAC4792-53D3-4BD6-8200-FE4AD150FF5C}.Release|Any CPU.Build.0 = Release|Any CPU
	EndGlobalSection
	GlobalSection(SolutionProperties) = preSolution
		HideSolutionNode = FALSE
	EndGlobalSection
	GlobalSection(NestedProjects) = preSolution
		{939C9F9C-8C72-4F45-8EC2-4EA8E6BEAC20} = {56C3A0B5-2171-45AD-B6A0-B25BF734B888}
	EndGlobalSection
	GlobalSection(ExtensibilityGlobals) = postSolution
		SolutionGuid = {B5565758-19BA-4B6E-8DA0-D394523A0710}
	EndGlobalSection
EndGlobal
